
Microsoft Visual Studio Solution File, Format Version 12.00
# Visual Studio Version 16
VisualStudioVersion = 16.0.28917.181
MinimumVisualStudioVersion = 10.0.40219.1
Project("{FAE04EC0-301F-11D3-BF4B-00C04F79EFBC}") = "Assignment5", "Assignment5\Assignment5.csproj", "{ED41F846-61C2-405F-BF3D-67FF7B242009}"
EndProject
Global
	GlobalSection(SolutionConfigurationPlatforms) = preSolution
		Debug|Any CPU = Debug|Any CPU
		Release|Any CPU = Release|Any CPU
	EndGlobalSection
	GlobalSection(ProjectConfigurationPlatforms) = postSolution
		{ED41F846-61C2-405F-BF3D-67FF7B242009}.Debug|Any CPU.ActiveCfg = Debug|Any CPU
		{ED41F846-61C2-405F-BF3D-67FF7B242009}.Debug|Any CPU.Build.0 = Debug|Any CPU
		{ED41F846-61C2-405F-BF3D-67FF7B242009}.Release|Any CPU.ActiveCfg = Release|Any CPU
		{ED41F846-61C2-405F-BF3D-67FF7B242009}.Release|Any CPU.Build.0 = Release|Any CPU
	EndGlobalSection
	GlobalSection(SolutionProperties) = preSolution
		HideSolutionNode = FALSE
	EndGlobalSection
	GlobalSection(ExtensibilityGlobals) = postSolution
		SolutionGuid = {B13A4C60-2D28-4CB4-B719-2D4ADCA663E0}
	EndGlobalSection
EndGlobal
